
Microsoft Visual Studio Solution File, Format Version 12.00
# Visual Studio Version 17
VisualStudioVersion = 17.12.35424.110
MinimumVisualStudioVersion = 10.0.40219.1
Project("{FAE04EC0-301F-11D3-BF4B-00C04F79EFBC}") = "Nemo", "Nemo\Nemo.csproj", "{4AE31289-1A2E-4AE8-9906-8B441D1070BB}"
EndProject
Project("{FAE04EC0-301F-11D3-BF4B-00C04F79EFBC}") = "Nemo.Tests", "Nemo.Tests\Nemo.Tests.csproj", "{21A570B7-5AA4-4F76-848D-2BCD284BBCBF}"
EndProject
Project("{FAE04EC0-301F-11D3-BF4B-00C04F79EFBC}") = "PerformanceTest", "PerformanceTest\PerformanceTest.csproj", "{6396C048-394D-469E-9608-5EDAA50FDDA7}"
EndProject
Project("{FAE04EC0-301F-11D3-BF4B-00C04F79EFBC}") = "Sep", "..\Sep\src\Sep\Sep.csproj", "{C0C525CD-DCF5-45C6-965F-71EC4D53AAD6}"
EndProject
Project("{FAE04EC0-301F-11D3-BF4B-00C04F79EFBC}") = "ExampleModel", "ExampleModel\ExampleModel.csproj", "{AAC0A454-D4E9-4033-9445-E13CDA39D528}"
EndProject
Global
	GlobalSection(SolutionConfigurationPlatforms) = preSolution
		Debug|Any CPU = Debug|Any CPU
		Release|Any CPU = Release|Any CPU
	EndGlobalSection
	GlobalSection(ProjectConfigurationPlatforms) = postSolution
		{4AE31289-1A2E-4AE8-9906-8B441D1070BB}.Debug|Any CPU.ActiveCfg = Debug|Any CPU
		{4AE31289-1A2E-4AE8-9906-8B441D1070BB}.Debug|Any CPU.Build.0 = Debug|Any CPU
		{4AE31289-1A2E-4AE8-9906-8B441D1070BB}.Release|Any CPU.ActiveCfg = Release|Any CPU
		{4AE31289-1A2E-4AE8-9906-8B441D1070BB}.Release|Any CPU.Build.0 = Release|Any CPU
		{21A570B7-5AA4-4F76-848D-2BCD284BBCBF}.Debug|Any CPU.ActiveCfg = Debug|Any CPU
		{21A570B7-5AA4-4F76-848D-2BCD284BBCBF}.Debug|Any CPU.Build.0 = Debug|Any CPU
		{21A570B7-5AA4-4F76-848D-2BCD284BBCBF}.Release|Any CPU.ActiveCfg = Release|Any CPU
		{21A570B7-5AA4-4F76-848D-2BCD284BBCBF}.Release|Any CPU.Build.0 = Release|Any CPU
		{6396C048-394D-469E-9608-5EDAA50FDDA7}.Debug|Any CPU.ActiveCfg = Debug|Any CPU
		{6396C048-394D-469E-9608-5EDAA50FDDA7}.Debug|Any CPU.Build.0 = Debug|Any CPU
		{6396C048-394D-469E-9608-5EDAA50FDDA7}.Release|Any CPU.ActiveCfg = Release|Any CPU
		{6396C048-394D-469E-9608-5EDAA50FDDA7}.Release|Any CPU.Build.0 = Release|Any CPU
		{C0C525CD-DCF5-45C6-965F-71EC4D53AAD6}.Debug|Any CPU.ActiveCfg = Debug|Any CPU
		{C0C525CD-DCF5-45C6-965F-71EC4D53AAD6}.Debug|Any CPU.Build.0 = Debug|Any CPU
		{C0C525CD-DCF5-45C6-965F-71EC4D53AAD6}.Release|Any CPU.ActiveCfg = Release|Any CPU
		{C0C525CD-DCF5-45C6-965F-71EC4D53AAD6}.Release|Any CPU.Build.0 = Release|Any CPU
		{AAC0A454-D4E9-4033-9445-E13CDA39D528}.Debug|Any CPU.ActiveCfg = Debug|Any CPU
		{AAC0A454-D4E9-4033-9445-E13CDA39D528}.Debug|Any CPU.Build.0 = Debug|Any CPU
		{AAC0A454-D4E9-4033-9445-E13CDA39D528}.Release|Any CPU.ActiveCfg = Release|Any CPU
		{AAC0A454-D4E9-4033-9445-E13CDA39D528}.Release|Any CPU.Build.0 = Release|Any CPU
	EndGlobalSection
	GlobalSection(SolutionProperties) = preSolution
		HideSolutionNode = FALSE
	EndGlobalSection
EndGlobal
